{
  "name": "threadshop",
  "version": "1.0.0",
  "lockfileVersion": 2,
  "requires": true,
  "packages": {
    "": {
      "name": "threadshop",
      "version": "1.0.0",
      "license": "ISC",
      "dependencies": {
        "@types/node": "^17.0.24",
        "callsite": "^1.0.0",
        "console-log-colors": "^0.2.3",
        "parent-module": "^2.0.0"
      },
      "devDependencies": {
        "@types/callsite": "^1.0.31"
      }
    },
    "node_modules/@types/callsite": {
      "version": "1.0.31",
      "resolved": "https://registry.npmjs.org/@types/callsite/-/callsite-1.0.31.tgz",
      "integrity": "sha512-jrKmIHhuZVGUpOR1s4TgY9BTt/Eh9CFCjHVZ2FsrKmHSo3J/vpl6EpK08SfMLrX2IY1ZEFA+BPRTJQGg4xIHsA==",
      "dev": true
    },
    "node_modules/@types/node": {
      "version": "17.0.24",
      "resolved": "https://registry.npmjs.org/@types/node/-/node-17.0.24.tgz",
      "integrity": "sha512-aveCYRQbgTH9Pssp1voEP7HiuWlD2jW2BO56w+bVrJn04i61yh6mRfoKO6hEYQD9vF+W8Chkwc6j1M36uPkx4g=="
    },
    "node_modules/callsite": {
      "version": "1.0.0",
      "resolved": "https://registry.npmjs.org/callsite/-/callsite-1.0.0.tgz",
      "integrity": "sha1-KAOY5dZkvXQDi28JBRU+borxvCA=",
      "engines": {
        "node": "*"
      }
    },
    "node_modules/callsites": {
      "version": "3.1.0",
      "resolved": "https://registry.npmjs.org/callsites/-/callsites-3.1.0.tgz",
      "integrity": "sha512-P8BjAsXvZS+VIDUI11hHCQEv74YT67YUi5JJFNWIqL235sBmjX4+qx9Muvls5ivyNENctx46xQLQ3aTuE7ssaQ==",
      "engines": {
        "node": ">=6"
      }
    },
    "node_modules/console-log-colors": {
      "version": "0.2.3",
      "resolved": "https://registry.npmjs.org/console-log-colors/-/console-log-colors-0.2.3.tgz",
      "integrity": "sha512-KAGsePEunvs575RFAIThR7sUBVuqXU0Y2tckA99k25itVAOa0hPwf3HkNVyQ7XnbisKvTp/gLnByjG9NTYt3hw==",
      "engines": {
        "node": ">= 4.1.0"
      }
    },
    "node_modules/parent-module": {
      "version": "2.0.0",
      "resolved": "https://registry.npmjs.org/parent-module/-/parent-module-2.0.0.tgz",
      "integrity": "sha512-uo0Z9JJeWzv8BG+tRcapBKNJ0dro9cLyczGzulS6EfeyAdeC9sbojtW6XwvYxJkEne9En+J2XEl4zyglVeIwFg==",
      "dependencies": {
        "callsites": "^3.1.0"
      },
      "engines": {
        "node": ">=8"
      }
    }
  },
  "dependencies": {
    "@types/callsite": {
      "version": "1.0.31",
      "resolved": "https://registry.npmjs.org/@types/callsite/-/callsite-1.0.31.tgz",
      "integrity": "sha512-jrKmIHhuZVGUpOR1s4TgY9BTt/Eh9CFCjHVZ2FsrKmHSo3J/vpl6EpK08SfMLrX2IY1ZEFA+BPRTJQGg4xIHsA==",
      "dev": true
    },
    "@types/node": {
      "version": "17.0.24",
      "resolved": "https://registry.npmjs.org/@types/node/-/node-17.0.24.tgz",
      "integrity": "sha512-aveCYRQbgTH9Pssp1voEP7HiuWlD2jW2BO56w+bVrJn04i61yh6mRfoKO6hEYQD9vF+W8Chkwc6j1M36uPkx4g=="
    },
    "callsite": {
      "version": "1.0.0",
      "resolved": "https://registry.npmjs.org/callsite/-/callsite-1.0.0.tgz",
      "integrity": "sha1-KAOY5dZkvXQDi28JBRU+borxvCA="
    },
    "callsites": {
      "version": "3.1.0",
      "resolved": "https://registry.npmjs.org/callsites/-/callsites-3.1.0.tgz",
      "integrity": "sha512-P8BjAsXvZS+VIDUI11hHCQEv74YT67YUi5JJFNWIqL235sBmjX4+qx9Muvls5ivyNENctx46xQLQ3aTuE7ssaQ=="
    },
    "console-log-colors": {
      "version": "0.2.3",
      "resolved": "https://registry.npmjs.org/console-log-colors/-/console-log-colors-0.2.3.tgz",
      "integrity": "sha512-KAGsePEunvs575RFAIThR7sUBVuqXU0Y2tckA99k25itVAOa0hPwf3HkNVyQ7XnbisKvTp/gLnByjG9NTYt3hw=="
    },
    "parent-module": {
      "version": "2.0.0",
      "resolved": "https://registry.npmjs.org/parent-module/-/parent-module-2.0.0.tgz",
      "integrity": "sha512-uo0Z9JJeWzv8BG+tRcapBKNJ0dro9cLyczGzulS6EfeyAdeC9sbojtW6XwvYxJkEne9En+J2XEl4zyglVeIwFg==",
      "requires": {
        "callsites": "^3.1.0"
      }
    }
  }
}
